
Microsoft Visual Studio Solution File, Format Version 12.00
# Visual Studio Version 17
VisualStudioVersion = 17.9.34616.47
MinimumVisualStudioVersion = 10.0.40219.1
Project("{FAE04EC0-301F-11D3-BF4B-00C04F79EFBC}") = "ConvertTempClient", "ConvertTempClient\ConvertTempClient.csproj", "{D677B32A-B421-428E-96DD-593CDB98C475}"
EndProject
Global
	GlobalSection(SolutionConfigurationPlatforms) = preSolution
		Debug|Any CPU = Debug|Any CPU
		Release|Any CPU = Release|Any CPU
	EndGlobalSection
	GlobalSection(ProjectConfigurationPlatforms) = postSolution
		{D677B32A-B421-428E-96DD-593CDB98C475}.Debug|Any CPU.ActiveCfg = Debug|Any CPU
		{D677B32A-B421-428E-96DD-593CDB98C475}.Debug|Any CPU.Build.0 = Debug|Any CPU
		{D677B32A-B421-428E-96DD-593CDB98C475}.Release|Any CPU.ActiveCfg = Release|Any CPU
		{D677B32A-B421-428E-96DD-593CDB98C475}.Release|Any CPU.Build.0 = Release|Any CPU
	EndGlobalSection
	GlobalSection(SolutionProperties) = preSolution
		HideSolutionNode = FALSE
	EndGlobalSection
	GlobalSection(ExtensibilityGlobals) = postSolution
		SolutionGuid = {D8750E86-193E-4DE8-A740-40CD9C2ADCD4}
	EndGlobalSection
EndGlobal
